// !$*UTF8*$!
{
	archiveVersion = 1;
	classes = {
	};
	objectVersion = 77;
	objects = {

/* Begin PBXBuildFile section */
		3E8CA1BB48FC8305B7D75A1C /* LaterAIChrome.swift in Sources */ = {isa = PBXBuildFile; fileRef = 81F2BE3A1CA37F34720FBB7A /* LaterAIChrome.swift */; };
		4DF5DF6A52B4D2679DE9BEA5 /* SharedCapture.swift in Sources */ = {isa = PBXBuildFile; fileRef = 498F59466D1129E98872BACB /* SharedCapture.swift */; };
		5589579C7454F92A09BBABF0 /* LaterBoxShare.appex in Embed App Extensions */ = {isa = PBXBuildFile; fileRef = 9CD0ABE6B11066E3BE4E19C1 /* LaterBoxShare.appex */; settings = {ATTRIBUTES = (RemoveHeadersOnCopy, ); }; };
		6BCE5025967DEFC753BDA913 /* Foundation.framework in Frameworks */ = {isa = PBXBuildFile; fileRef = DAC0F63DC56B313D3701E636 /* Foundation.framework */; };
		6F6C4FD026002CB02E6370CE /* SharedCapture.swift in Sources */ = {isa = PBXBuildFile; fileRef = 498F59466D1129E98872BACB /* SharedCapture.swift */; };
		75A2160469BA7EC3719EA8B8 /* LaterAIChrome.swift in Sources */ = {isa = PBXBuildFile; fileRef = 81F2BE3A1CA37F34720FBB7A /* LaterAIChrome.swift */; };
		DBF7234AD81B74862C37F88B /* ShareViewController.swift in Sources */ = {isa = PBXBuildFile; fileRef = 9F81B1954BAF7A76CDFE5F0E /* ShareViewController.swift */; };
/* End PBXBuildFile section */

/* Begin PBXContainerItemProxy section */
		428B8B82BB545D4C129B4618 /* PBXContainerItemProxy */ = {
			isa = PBXContainerItemProxy;
			containerPortal = 5194A4F03072E2E100DE79B5 /* Project object */;
			proxyType = 1;
			remoteGlobalIDString = F9296E9CF9CDFD9079666B59;
			remoteInfo = LaterBoxShare;
		};
		5194A5083072E2E100DE79B5 /* PBXContainerItemProxy */ = {
			isa = PBXContainerItemProxy;
			containerPortal = 5194A4F03072E2E100DE79B5 /* Project object */;
			proxyType = 1;
			remoteGlobalIDString = 5194A4F73072E2E100DE79B5;
			remoteInfo = "laterbox-ios";
		};
		5194A5123072E2E100DE79B5 /* PBXContainerItemProxy */ = {
			isa = PBXContainerItemProxy;
			containerPortal = 5194A4F03072E2E100DE79B5 /* Project object */;
			proxyType = 1;
			remoteGlobalIDString = 5194A4F73072E2E100DE79B5;
			remoteInfo = "laterbox-ios";
		};
/* End PBXContainerItemProxy section */

/* Begin PBXCopyFilesBuildPhase section */
		6D1AC84BA15C290289666033 /* Embed App Extensions */ = {
			isa = PBXCopyFilesBuildPhase;
			buildActionMask = 2147483647;
			dstPath = "";
			dstSubfolderSpec = 13;
			files = (
				5589579C7454F92A09BBABF0 /* LaterBoxShare.appex in Embed App Extensions */,
			);
			name = "Embed App Extensions";
			runOnlyForDeploymentPostprocessing = 0;
		};
/* End PBXCopyFilesBuildPhase section */

/* Begin PBXFileReference section */
		498F59466D1129E98872BACB /* SharedCapture.swift */ = {isa = PBXFileReference; includeInIndex = 1; lastKnownFileType = sourcecode.swift; path = SharedCapture.swift; sourceTree = "<group>"; };
		5194A4F83072E2E100DE79B5 /* laterbox-ios.app */ = {isa = PBXFileReference; explicitFileType = wrapper.application; includeInIndex = 0; path = "laterbox-ios.app"; sourceTree = BUILT_PRODUCTS_DIR; };
		5194A5073072E2E100DE79B5 /* laterbox-iosTests.xctest */ = {isa = PBXFileReference; explicitFileType = wrapper.cfbundle; includeInIndex = 0; path = "laterbox-iosTests.xctest"; sourceTree = BUILT_PRODUCTS_DIR; };
		5194A5113072E2E100DE79B5 /* laterbox-iosUITests.xctest */ = {isa = PBXFileReference; explicitFileType = wrapper.cfbundle; includeInIndex = 0; path = "laterbox-iosUITests.xctest"; sourceTree = BUILT_PRODUCTS_DIR; };
		81F2BE3A1CA37F34720FBB7A /* LaterAIChrome.swift */ = {isa = PBXFileReference; includeInIndex = 1; lastKnownFileType = sourcecode.swift; path = LaterAIChrome.swift; sourceTree = "<group>"; };
		9CD0ABE6B11066E3BE4E19C1 /* LaterBoxShare.appex */ = {isa = PBXFileReference; explicitFileType = "wrapper.app-extension"; includeInIndex = 0; path = LaterBoxShare.appex; sourceTree = BUILT_PRODUCTS_DIR; };
		9F81B1954BAF7A76CDFE5F0E /* ShareViewController.swift */ = {isa = PBXFileReference; includeInIndex = 1; lastKnownFileType = sourcecode.swift; path = ShareViewController.swift; sourceTree = "<group>"; };
		DAC0F63DC56B313D3701E636 /* Foundation.framework */ = {isa = PBXFileReference; lastKnownFileType = wrapper.framework; name = Foundation.framework; path = Platforms/iPhoneOS.platform/Developer/SDKs/iPhoneOS26.0.sdk/System/Library/Frameworks/Foundation.framework; sourceTree = DEVELOPER_DIR; };
/* End PBXFileReference section */

/* Begin PBXFileSystemSynchronizedRootGroup section */
		5194A4FA3072E2E100DE79B5 /* laterbox-ios */ = {
			isa = PBXFileSystemSynchronizedRootGroup;
			path = "laterbox-ios";
			sourceTree = "<group>";
		};
		5194A50A3072E2E100DE79B5 /* laterbox-iosTests */ = {
			isa = PBXFileSystemSynchronizedRootGroup;
			path = "laterbox-iosTests";
			sourceTree = "<group>";
		};
		5194A5143072E2E100DE79B5 /* laterbox-iosUITests */ = {
			isa = PBXFileSystemSynchronizedRootGroup;
			path = "laterbox-iosUITests";
			sourceTree = "<group>";
		};
/* End PBXFileSystemSynchronizedRootGroup section */

/* Begin PBXFrameworksBuildPhase section */
		5194A4F53072E2E100DE79B5 /* Frameworks */ = {
			isa = PBXFrameworksBuildPhase;
			buildActionMask = 2147483647;
			files = (
			);
			runOnlyForDeploymentPostprocessing = 0;
		};
		5194A5043072E2E100DE79B5 /* Frameworks */ = {
			isa = PBXFrameworksBuildPhase;
			buildActionMask = 2147483647;
			files = (
			);
			runOnlyForDeploymentPostprocessing = 0;
		};
		5194A50E3072E2E100DE79B5 /* Frameworks */ = {
			isa = PBXFrameworksBuildPhase;
			buildActionMask = 2147483647;
			files = (
			);
			runOnlyForDeploymentPostprocessing = 0;
		};
		A0DFFF1CD67346A1F4635787 /* Frameworks */ = {
			isa = PBXFrameworksBuildPhase;
			buildActionMask = 2147483647;
			files = (
				6BCE5025967DEFC753BDA913 /* Foundation.framework in Frameworks */,
			);
			runOnlyForDeploymentPostprocessing = 0;
		};
/* End PBXFrameworksBuildPhase section */

/* Begin PBXGroup section */
		25CFC46EA9224001CEF66FFC /* iOS */ = {
			isa = PBXGroup;
			children = (
				DAC0F63DC56B313D3701E636 /* Foundation.framework */,
			);
			name = iOS;
			sourceTree = "<group>";
		};
		5194A4EF3072E2E100DE79B5 = {
			isa = PBXGroup;
			children = (
				5194A4FA3072E2E100DE79B5 /* laterbox-ios */,
				5194A50A3072E2E100DE79B5 /* laterbox-iosTests */,
				5194A5143072E2E100DE79B5 /* laterbox-iosUITests */,
				5194A4F93072E2E100DE79B5 /* Products */,
				EA618AF707D478F7C6681FC2 /* Frameworks */,
				94A4006CBB03069F21EDA390 /* LaterBoxShare */,
				FB9ACC1F982F15E0617FA394 /* Shared */,
			);
			sourceTree = "<group>";
		};
		5194A4F93072E2E100DE79B5 /* Products */ = {
			isa = PBXGroup;
			children = (
				5194A4F83072E2E100DE79B5 /* laterbox-ios.app */,
				5194A5073072E2E100DE79B5 /* laterbox-iosTests.xctest */,
				5194A5113072E2E100DE79B5 /* laterbox-iosUITests.xctest */,
				9CD0ABE6B11066E3BE4E19C1 /* LaterBoxShare.appex */,
			);
			name = Products;
			sourceTree = "<group>";
		};
		94A4006CBB03069F21EDA390 /* LaterBoxShare */ = {
			isa = PBXGroup;
			children = (
				9F81B1954BAF7A76CDFE5F0E /* ShareViewController.swift */,
			);
			path = LaterBoxShare;
			sourceTree = "<group>";
		};
		EA618AF707D478F7C6681FC2 /* Frameworks */ = {
			isa = PBXGroup;
			children = (
				25CFC46EA9224001CEF66FFC /* iOS */,
			);
			name = Frameworks;
			sourceTree = "<group>";
		};
		FB9ACC1F982F15E0617FA394 /* Shared */ = {
			isa = PBXGroup;
			children = (
				498F59466D1129E98872BACB /* SharedCapture.swift */,
				81F2BE3A1CA37F34720FBB7A /* LaterAIChrome.swift */,
			);
			path = Shared;
			sourceTree = "<group>";
		};
/* End PBXGroup section */

/* Begin PBXNativeTarget section */
		5194A4F73072E2E100DE79B5 /* laterbox-ios */ = {
			isa = PBXNativeTarget;
			buildConfigurationList = 5194A5193072E2E100DE79B5 /* Build configuration list for PBXNativeTarget "laterbox-ios" */;
			buildPhases = (
				5194A4F43072E2E100DE79B5 /* Sources */,
				5194A4F53072E2E100DE79B5 /* Frameworks */,
				5194A4F63072E2E100DE79B5 /* Resources */,
				6D1AC84BA15C290289666033 /* Embed App Extensions */,
			);
			buildRules = (
			);
			dependencies = (
				15AF3A62E3C17D4F48CD1D91 /* PBXTargetDependency */,
			);
			fileSystemSynchronizedGroups = (
				5194A4FA3072E2E100DE79B5 /* laterbox-ios */,
			);
			name = "laterbox-ios";
			productName = "laterbox-ios";
			productReference = 5194A4F83072E2E100DE79B5 /* laterbox-ios.app */;
			productType = "com.apple.product-type.application";
		};
		5194A5063072E2E100DE79B5 /* laterbox-iosTests */ = {
			isa = PBXNativeTarget;
			buildConfigurationList = 5194A51C3072E2E100DE79B5 /* Build configuration list for PBXNativeTarget "laterbox-iosTests" */;
			buildPhases = (
				5194A5033072E2E100DE79B5 /* Sources */,
				5194A5043072E2E100DE79B5 /* Frameworks */,
				5194A5053072E2E100DE79B5 /* Resources */,
			);
			buildRules = (
			);
			dependencies = (
				5194A5093072E2E100DE79B5 /* PBXTargetDependency */,
			);
			fileSystemSynchronizedGroups = (
				5194A50A3072E2E100DE79B5 /* laterbox-iosTests */,
			);
			name = "laterbox-iosTests";
			productName = "laterbox-iosTests";
			productReference = 5194A5073072E2E100DE79B5 /* laterbox-iosTests.xctest */;
			productType = "com.apple.product-type.bundle.unit-test";
		};
		5194A5103072E2E100DE79B5 /* laterbox-iosUITests */ = {
			isa = PBXNativeTarget;
			buildConfigurationList = 5194A51F3072E2E100DE79B5 /* Build configuration list for PBXNativeTarget "laterbox-iosUITests" */;
			buildPhases = (
				5194A50D3072E2E100DE79B5 /* Sources */,
				5194A50E3072E2E100DE79B5 /* Frameworks */,
				5194A50F3072E2E100DE79B5 /* Resources */,
			);
			buildRules = (
			);
			dependencies = (
				5194A5133072E2E100DE79B5 /* PBXTargetDependency */,
			);
			fileSystemSynchronizedGroups = (
				5194A5143072E2E100DE79B5 /* laterbox-iosUITests */,
			);
			name = "laterbox-iosUITests";
			productName = "laterbox-iosUITests";
			productReference = 5194A5113072E2E100DE79B5 /* laterbox-iosUITests.xctest */;
			productType = "com.apple.product-type.bundle.ui-testing";
		};
		F9296E9CF9CDFD9079666B59 /* LaterBoxShare */ = {
			isa = PBXNativeTarget;
			buildConfigurationList = DBCA85860435523381768280 /* Build configuration list for PBXNativeTarget "LaterBoxShare" */;
			buildPhases = (
				4478E9BF192129AE51748935 /* Sources */,
				A0DFFF1CD67346A1F4635787 /* Frameworks */,
				29EFAEBAF7CCA070F32EAB4E /* Resources */,
			);
			buildRules = (
			);
			dependencies = (
			);
			name = LaterBoxShare;
			productName = LaterBoxShare;
			productReference = 9CD0ABE6B11066E3BE4E19C1 /* LaterBoxShare.appex */;
			productType = "com.apple.product-type.app-extension";
		};
/* End PBXNativeTarget section */

/* Begin PBXProject section */
		5194A4F03072E2E100DE79B5 /* Project object */ = {
			isa = PBXProject;
			attributes = {
				BuildIndependentTargetsInParallel = 1;
				LastSwiftUpdateCheck = 2700;
				LastUpgradeCheck = 2700;
				TargetAttributes = {
					5194A4F73072E2E100DE79B5 = {
						CreatedOnToolsVersion = 27.0;
					};
					5194A5063072E2E100DE79B5 = {
						CreatedOnToolsVersion = 27.0;
						TestTargetID = 5194A4F73072E2E100DE79B5;
					};
					5194A5103072E2E100DE79B5 = {
						CreatedOnToolsVersion = 27.0;
						TestTargetID = 5194A4F73072E2E100DE79B5;
					};
				};
			};
			buildConfigurationList = 5194A4F33072E2E100DE79B5 /* Build configuration list for PBXProject "laterbox-ios" */;
			developmentRegion = en;
			hasScannedForEncodings = 0;
			knownRegions = (
				en,
				Base,
			);
			mainGroup = 5194A4EF3072E2E100DE79B5;
			minimizedProjectReferenceProxies = 1;
			preferredProjectObjectVersion = 77;
			productRefGroup = 5194A4F93072E2E100DE79B5 /* Products */;
			projectDirPath = "";
			projectRoot = "";
			targets = (
				5194A4F73072E2E100DE79B5 /* laterbox-ios */,
				5194A5063072E2E100DE79B5 /* laterbox-iosTests */,
				5194A5103072E2E100DE79B5 /* laterbox-iosUITests */,
				F9296E9CF9CDFD9079666B59 /* LaterBoxShare */,
			);
		};
/* End PBXProject section */

/* Begin PBXResourcesBuildPhase section */
		29EFAEBAF7CCA070F32EAB4E /* Resources */ = {
			isa = PBXResourcesBuildPhase;
			buildActionMask = 2147483647;
			files = (
			);
			runOnlyForDeploymentPostprocessing = 0;
		};
		5194A4F63072E2E100DE79B5 /* Resources */ = {
			isa = PBXResourcesBuildPhase;
			buildActionMask = 2147483647;
			files = (
			);
			runOnlyForDeploymentPostprocessing = 0;
		};
		5194A5053072E2E100DE79B5 /* Resources */ = {
			isa = PBXResourcesBuildPhase;
			buildActionMask = 2147483647;
			files = (
			);
			runOnlyForDeploymentPostprocessing = 0;
		};
		5194A50F3072E2E100DE79B5 /* Resources */ = {
			isa = PBXResourcesBuildPhase;
			buildActionMask = 2147483647;
			files = (
			);
			runOnlyForDeploymentPostprocessing = 0;
		};
/* End PBXResourcesBuildPhase section */

/* Begin PBXSourcesBuildPhase section */
		4478E9BF192129AE51748935 /* Sources */ = {
			isa = PBXSourcesBuildPhase;
			buildActionMask = 2147483647;
			files = (
				DBF7234AD81B74862C37F88B /* ShareViewController.swift in Sources */,
				4DF5DF6A52B4D2679DE9BEA5 /* SharedCapture.swift in Sources */,
				75A2160469BA7EC3719EA8B8 /* LaterAIChrome.swift in Sources */,
			);
			runOnlyForDeploymentPostprocessing = 0;
		};
		5194A4F43072E2E100DE79B5 /* Sources */ = {
			isa = PBXSourcesBuildPhase;
			buildActionMask = 2147483647;
			files = (
				6F6C4FD026002CB02E6370CE /* SharedCapture.swift in Sources */,
				3E8CA1BB48FC8305B7D75A1C /* LaterAIChrome.swift in Sources */,
			);
			runOnlyForDeploymentPostprocessing = 0;
		};
		5194A5033072E2E100DE79B5 /* Sources */ = {
			isa = PBXSourcesBuildPhase;
			buildActionMask = 2147483647;
			files = (
			);
			runOnlyForDeploymentPostprocessing = 0;
		};
		5194A50D3072E2E100DE79B5 /* Sources */ = {
			isa = PBXSourcesBuildPhase;
			buildActionMask = 2147483647;
			files = (
			);
			runOnlyForDeploymentPostprocessing = 0;
		};
/* End PBXSourcesBuildPhase section */

/* Begin PBXTargetDependency section */
		15AF3A62E3C17D4F48CD1D91 /* PBXTargetDependency */ = {
			isa = PBXTargetDependency;
			name = LaterBoxShare;
			target = F9296E9CF9CDFD9079666B59 /* LaterBoxShare */;
			targetProxy = 428B8B82BB545D4C129B4618 /* PBXContainerItemProxy */;
		};
		5194A5093072E2E100DE79B5 /* PBXTargetDependency */ = {
			isa = PBXTargetDependency;
			target = 5194A4F73072E2E100DE79B5 /* laterbox-ios */;
			targetProxy = 5194A5083072E2E100DE79B5 /* PBXContainerItemProxy */;
		};
		5194A5133072E2E100DE79B5 /* PBXTargetDependency */ = {
			isa = PBXTargetDependency;
			target = 5194A4F73072E2E100DE79B5 /* laterbox-ios */;
			targetProxy = 5194A5123072E2E100DE79B5 /* PBXContainerItemProxy */;
		};
/* End PBXTargetDependency section */

/* Begin XCBuildConfiguration section */
		5194A5173072E2E100DE79B5 /* Debug */ = {
			isa = XCBuildConfiguration;
			buildSettings = {
				ALWAYS_SEARCH_USER_PATHS = NO;
				ASSETCATALOG_COMPILER_GENERATE_SWIFT_ASSET_SYMBOL_EXTENSIONS = YES;
				CLANG_ANALYZER_NONNULL = YES;
				CLANG_ANALYZER_NUMBER_OBJECT_CONVERSION = YES_AGGRESSIVE;
				CLANG_CXX_LANGUAGE_STANDARD = "gnu++20";
				CLANG_ENABLE_MODULES = YES;
				CLANG_ENABLE_OBJC_ARC = YES;
				CLANG_ENABLE_OBJC_WEAK = YES;
				CLANG_WARN_BLOCK_CAPTURE_AUTORELEASING = YES;
				CLANG_WARN_BOOL_CONVERSION = YES;
				CLANG_WARN_COMMA = YES;
				CLANG_WARN_CONSTANT_CONVERSION = YES;
				CLANG_WARN_DEPRECATED_OBJC_IMPLEMENTATIONS = YES;
				CLANG_WARN_DIRECT_OBJC_ISA_USAGE = YES_ERROR;
				CLANG_WARN_DOCUMENTATION_COMMENTS = YES;
				CLANG_WARN_EMPTY_BODY = YES;
				CLANG_WARN_ENUM_CONVERSION = YES;
				CLANG_WARN_INFINITE_RECURSION = YES;
				CLANG_WARN_INT_CONVERSION = YES;
				CLANG_WARN_NON_LITERAL_NULL_CONVERSION = YES;
				CLANG_WARN_OBJC_IMPLICIT_RETAIN_SELF = YES;
				CLANG_WARN_OBJC_LITERAL_CONVERSION = YES;
				CLANG_WARN_OBJC_ROOT_CLASS = YES_ERROR;
				CLANG_WARN_QUOTED_INCLUDE_IN_FRAMEWORK_HEADER = YES;
				CLANG_WARN_RANGE_LOOP_ANALYSIS = YES;
				CLANG_WARN_STRICT_PROTOTYPES = YES;
				CLANG_WARN_SUSPICIOUS_MOVE = YES;
				CLANG_WARN_UNGUARDED_AVAILABILITY = YES_AGGRESSIVE;
				CLANG_WARN_UNREACHABLE_CODE = YES;
				CLANG_WARN__DUPLICATE_METHOD_MATCH = YES;
				COPY_PHASE_STRIP = NO;
				DEBUG_INFORMATION_FORMAT = dwarf;
				DEVELOPMENT_TEAM = LS42X27YFY;
				ENABLE_STRICT_OBJC_MSGSEND = YES;
				ENABLE_TESTABILITY = YES;
				ENABLE_USER_SCRIPT_SANDBOXING = YES;
				GCC_C_LANGUAGE_STANDARD = gnu17;
				GCC_DYNAMIC_NO_PIC = NO;
				GCC_NO_COMMON_BLOCKS = YES;
				GCC_OPTIMIZATION_LEVEL = 0;
				GCC_PREPROCESSOR_DEFINITIONS = (
					"DEBUG=1",
					"$(inherited)",
				);
				GCC_WARN_64_TO_32_BIT_CONVERSION = YES;
				GCC_WARN_ABOUT_RETURN_TYPE = YES_ERROR;
				GCC_WARN_UNDECLARED_SELECTOR = YES;
				GCC_WARN_UNINITIALIZED_AUTOS = YES_AGGRESSIVE;
				GCC_WARN_UNUSED_FUNCTION = YES;
				GCC_WARN_UNUSED_VARIABLE = YES;
				LOCALIZATION_PREFERS_STRING_CATALOGS = YES;
				MTL_ENABLE_DEBUG_INFO = INCLUDE_SOURCE;
				MTL_FAST_MATH = YES;
				ONLY_ACTIVE_ARCH = YES;
				SWIFT_ACTIVE_COMPILATION_CONDITIONS = "DEBUG $(inherited)";
				SWIFT_OPTIMIZATION_LEVEL = "-Onone";
			};
			name = Debug;
		};
		5194A5183072E2E100DE79B5 /* Release */ = {
			isa = XCBuildConfiguration;
			buildSettings = {
				ALWAYS_SEARCH_USER_PATHS = NO;
				ASSETCATALOG_COMPILER_GENERATE_SWIFT_ASSET_SYMBOL_EXTENSIONS = YES;
				CLANG_ANALYZER_NONNULL = YES;
				CLANG_ANALYZER_NUMBER_OBJECT_CONVERSION = YES_AGGRESSIVE;
				CLANG_CXX_LANGUAGE_STANDARD = "gnu++20";
				CLANG_ENABLE_MODULES = YES;
				CLANG_ENABLE_OBJC_ARC = YES;
				CLANG_ENABLE_OBJC_WEAK = YES;
				CLANG_WARN_BLOCK_CAPTURE_AUTORELEASING = YES;
				CLANG_WARN_BOOL_CONVERSION = YES;
				CLANG_WARN_COMMA = YES;
				CLANG_WARN_CONSTANT_CONVERSION = YES;
				CLANG_WARN_DEPRECATED_OBJC_IMPLEMENTATIONS = YES;
				CLANG_WARN_DIRECT_OBJC_ISA_USAGE = YES_ERROR;
				CLANG_WARN_DOCUMENTATION_COMMENTS = YES;
				CLANG_WARN_EMPTY_BODY = YES;
				CLANG_WARN_ENUM_CONVERSION = YES;
				CLANG_WARN_INFINITE_RECURSION = YES;
				CLANG_WARN_INT_CONVERSION = YES;
				CLANG_WARN_NON_LITERAL_NULL_CONVERSION = YES;
				CLANG_WARN_OBJC_IMPLICIT_RETAIN_SELF = YES;
				CLANG_WARN_OBJC_LITERAL_CONVERSION = YES;
				CLANG_WARN_OBJC_ROOT_CLASS = YES_ERROR;
				CLANG_WARN_QUOTED_INCLUDE_IN_FRAMEWORK_HEADER = YES;
				CLANG_WARN_RANGE_LOOP_ANALYSIS = YES;
				CLANG_WARN_STRICT_PROTOTYPES = YES;
				CLANG_WARN_SUSPICIOUS_MOVE = YES;
				CLANG_WARN_UNGUARDED_AVAILABILITY = YES_AGGRESSIVE;
				CLANG_WARN_UNREACHABLE_CODE = YES;
				CLANG_WARN__DUPLICATE_METHOD_MATCH = YES;
				COPY_PHASE_STRIP = NO;
				DEBUG_INFORMATION_FORMAT = "dwarf-with-dsym";
				DEVELOPMENT_TEAM = LS42X27YFY;
				ENABLE_NS_ASSERTIONS = NO;
				ENABLE_STRICT_OBJC_MSGSEND = YES;
				ENABLE_USER_SCRIPT_SANDBOXING = YES;
				GCC_C_LANGUAGE_STANDARD = gnu17;
				GCC_NO_COMMON_BLOCKS = YES;
				GCC_WARN_64_TO_32_BIT_CONVERSION = YES;
				GCC_WARN_ABOUT_RETURN_TYPE = YES_ERROR;
				GCC_WARN_UNDECLARED_SELECTOR = YES;
				GCC_WARN_UNINITIALIZED_AUTOS = YES_AGGRESSIVE;
				GCC_WARN_UNUSED_FUNCTION = YES;
				GCC_WARN_UNUSED_VARIABLE = YES;
				LOCALIZATION_PREFERS_STRING_CATALOGS = YES;
				MTL_ENABLE_DEBUG_INFO = NO;
				MTL_FAST_MATH = YES;
				SWIFT_COMPILATION_MODE = wholemodule;
			};
			name = Release;
		};
		5194A51A3072E2E100DE79B5 /* Debug */ = {
			isa = XCBuildConfiguration;
			buildSettings = {
				ASSETCATALOG_COMPILER_ALTERNATE_APPICON_NAMES = "AppIcon-Dark AppIcon-Emerald AppIcon-Monochrome AppIcon-Neon AppIcon-Sunset AppIcon-Arcade AppIcon-Anime AppIcon-Horror AppIcon-Gadget AppIcon-Animation AppIcon-Terminal";
				ASSETCATALOG_COMPILER_APPICON_NAME = AppIcon;
				ASSETCATALOG_COMPILER_GLOBAL_ACCENT_COLOR_NAME = AccentColor;
				ASSETCATALOG_COMPILER_INCLUDE_ALL_APPICON_ASSETS = YES;
				CODE_SIGN_ENTITLEMENTS = "laterbox-ios.entitlements";
				CODE_SIGN_IDENTITY = "Apple Development";
				CODE_SIGN_STYLE = Automatic;
				CURRENT_PROJECT_VERSION = 178;
				DEVELOPMENT_TEAM = LS42X27YFY;
				ENABLE_APP_SANDBOX = YES;
				ENABLE_HARDENED_RUNTIME = YES;
				ENABLE_PREVIEWS = YES;
				ENABLE_USER_SELECTED_FILES = readonly;
				GENERATE_INFOPLIST_FILE = YES;
				INFOPLIST_KEY_CFBundleDisplayName = Laterbox;
				INFOPLIST_KEY_CFBundleName = Laterbox;
				INFOPLIST_KEY_NSFaceIDUsageDescription = "Unlock Laterbox securely with Face ID.";
				INFOPLIST_KEY_UIApplicationSceneManifest_Generation = YES;
				"INFOPLIST_KEY_UIApplicationSceneManifest_Generation[sdk=iphoneos*]" = YES;
				"INFOPLIST_KEY_UIApplicationSceneManifest_Generation[sdk=iphonesimulator*]" = YES;
				INFOPLIST_KEY_UIApplicationSupportsIndirectInputEvents = YES;
				"INFOPLIST_KEY_UIApplicationSupportsIndirectInputEvents[sdk=iphoneos*]" = YES;
				"INFOPLIST_KEY_UIApplicationSupportsIndirectInputEvents[sdk=iphonesimulator*]" = YES;
				INFOPLIST_KEY_UILaunchScreen_Generation = YES;
				"INFOPLIST_KEY_UILaunchScreen_Generation[sdk=iphoneos*]" = YES;
				"INFOPLIST_KEY_UILaunchScreen_Generation[sdk=iphonesimulator*]" = YES;
				INFOPLIST_KEY_UIStatusBarStyle = UIStatusBarStyleDefault;
				"INFOPLIST_KEY_UIStatusBarStyle[sdk=iphoneos*]" = UIStatusBarStyleDefault;
				"INFOPLIST_KEY_UIStatusBarStyle[sdk=iphonesimulator*]" = UIStatusBarStyleDefault;
				INFOPLIST_KEY_UISupportedInterfaceOrientations_iPad = "UIInterfaceOrientationPortrait UIInterfaceOrientationPortraitUpsideDown UIInterfaceOrientationLandscapeLeft UIInterfaceOrientationLandscapeRight";
				INFOPLIST_KEY_UISupportedInterfaceOrientations_iPhone = "UIInterfaceOrientationPortrait UIInterfaceOrientationLandscapeLeft UIInterfaceOrientationLandscapeRight";
				IPHONEOS_DEPLOYMENT_TARGET = 27.0;
				LD_RUNPATH_SEARCH_PATHS = "@executable_path/Frameworks";
				"LD_RUNPATH_SEARCH_PATHS[sdk=macosx*]" = "@executable_path/../Frameworks";
				MACOSX_DEPLOYMENT_TARGET = 27.0;
				MARKETING_VERSION = 1.0.176;
				PRODUCT_BUNDLE_IDENTIFIER = pro.micorp.laterbox;
				PRODUCT_NAME = "$(TARGET_NAME)";
				PROVISIONING_PROFILE_SPECIFIER = "";
				REGISTER_APP_GROUPS = YES;
				SDKROOT = iphoneos;
				STRING_CATALOG_GENERATE_SYMBOLS = YES;
				SUPPORTED_PLATFORMS = "iphoneos iphonesimulator";
				SWIFT_APPROACHABLE_CONCURRENCY = YES;
				SWIFT_DEFAULT_ACTOR_ISOLATION = MainActor;
				SWIFT_EMIT_LOC_STRINGS = YES;
				SWIFT_UPCOMING_FEATURE_MEMBER_IMPORT_VISIBILITY = YES;
				SWIFT_VERSION = 5.0;
				TARGETED_DEVICE_FAMILY = "1,2";
				XROS_DEPLOYMENT_TARGET = 27.0;
			};
			name = Debug;
		};
		5194A51B3072E2E100DE79B5 /* Release */ = {
			isa = XCBuildConfiguration;
			buildSettings = {
				ASSETCATALOG_COMPILER_ALTERNATE_APPICON_NAMES = "AppIcon-Dark AppIcon-Emerald AppIcon-Monochrome AppIcon-Neon AppIcon-Sunset AppIcon-Arcade AppIcon-Anime AppIcon-Horror AppIcon-Gadget AppIcon-Animation AppIcon-Terminal";
				ASSETCATALOG_COMPILER_APPICON_NAME = AppIcon;
				ASSETCATALOG_COMPILER_GLOBAL_ACCENT_COLOR_NAME = AccentColor;
				ASSETCATALOG_COMPILER_INCLUDE_ALL_APPICON_ASSETS = YES;
				CODE_SIGN_ENTITLEMENTS = "laterbox-ios.entitlements";
				CODE_SIGN_IDENTITY = "Apple Development";
				CODE_SIGN_STYLE = Automatic;
				CURRENT_PROJECT_VERSION = 178;
				DEVELOPMENT_TEAM = LS42X27YFY;
				ENABLE_APP_SANDBOX = YES;
				ENABLE_HARDENED_RUNTIME = YES;
				ENABLE_PREVIEWS = YES;
				ENABLE_USER_SELECTED_FILES = readonly;
				GENERATE_INFOPLIST_FILE = YES;
				INFOPLIST_KEY_CFBundleDisplayName = Laterbox;
				INFOPLIST_KEY_CFBundleName = Laterbox;
				INFOPLIST_KEY_NSFaceIDUsageDescription = "Unlock Laterbox securely with Face ID.";
				INFOPLIST_KEY_UIApplicationSceneManifest_Generation = YES;
				"INFOPLIST_KEY_UIApplicationSceneManifest_Generation[sdk=iphoneos*]" = YES;
				"INFOPLIST_KEY_UIApplicationSceneManifest_Generation[sdk=iphonesimulator*]" = YES;
				INFOPLIST_KEY_UIApplicationSupportsIndirectInputEvents = YES;
				"INFOPLIST_KEY_UIApplicationSupportsIndirectInputEvents[sdk=iphoneos*]" = YES;
				"INFOPLIST_KEY_UIApplicationSupportsIndirectInputEvents[sdk=iphonesimulator*]" = YES;
				INFOPLIST_KEY_UILaunchScreen_Generation = YES;
				"INFOPLIST_KEY_UILaunchScreen_Generation[sdk=iphoneos*]" = YES;
				"INFOPLIST_KEY_UILaunchScreen_Generation[sdk=iphonesimulator*]" = YES;
				INFOPLIST_KEY_UIStatusBarStyle = UIStatusBarStyleDefault;
				"INFOPLIST_KEY_UIStatusBarStyle[sdk=iphoneos*]" = UIStatusBarStyleDefault;
				"INFOPLIST_KEY_UIStatusBarStyle[sdk=iphonesimulator*]" = UIStatusBarStyleDefault;
				INFOPLIST_KEY_UISupportedInterfaceOrientations_iPad = "UIInterfaceOrientationPortrait UIInterfaceOrientationPortraitUpsideDown UIInterfaceOrientationLandscapeLeft UIInterfaceOrientationLandscapeRight";
				INFOPLIST_KEY_UISupportedInterfaceOrientations_iPhone = "UIInterfaceOrientationPortrait UIInterfaceOrientationLandscapeLeft UIInterfaceOrientationLandscapeRight";
				IPHONEOS_DEPLOYMENT_TARGET = 27.0;
				LD_RUNPATH_SEARCH_PATHS = "@executable_path/Frameworks";
				"LD_RUNPATH_SEARCH_PATHS[sdk=macosx*]" = "@executable_path/../Frameworks";
				MACOSX_DEPLOYMENT_TARGET = 27.0;
				MARKETING_VERSION = 1.0.176;
				PRODUCT_BUNDLE_IDENTIFIER = pro.micorp.laterbox;
				PRODUCT_NAME = "$(TARGET_NAME)";
				PROVISIONING_PROFILE_SPECIFIER = "";
				REGISTER_APP_GROUPS = YES;
				SDKROOT = iphoneos;
				STRING_CATALOG_GENERATE_SYMBOLS = YES;
				SUPPORTED_PLATFORMS = "iphoneos iphonesimulator";
				SWIFT_APPROACHABLE_CONCURRENCY = YES;
				SWIFT_DEFAULT_ACTOR_ISOLATION = MainActor;
				SWIFT_EMIT_LOC_STRINGS = YES;
				SWIFT_UPCOMING_FEATURE_MEMBER_IMPORT_VISIBILITY = YES;
				SWIFT_VERSION = 5.0;
				TARGETED_DEVICE_FAMILY = "1,2";
				XROS_DEPLOYMENT_TARGET = 27.0;
			};
			name = Release;
		};
		5194A51D3072E2E100DE79B5 /* Debug */ = {
			isa = XCBuildConfiguration;
			buildSettings = {
				BUNDLE_LOADER = "$(TEST_HOST)";
				CODE_SIGN_STYLE = Automatic;
				CURRENT_PROJECT_VERSION = 178;
				DEVELOPMENT_TEAM = LS42X27YFY;
				GENERATE_INFOPLIST_FILE = YES;
				IPHONEOS_DEPLOYMENT_TARGET = 27.0;
				MACOSX_DEPLOYMENT_TARGET = 27.0;
				MARKETING_VERSION = 1.0.176;
				PRODUCT_BUNDLE_IDENTIFIER = "pro.micorp.laterbox.laterbox-iosTests";
				PRODUCT_NAME = "$(TARGET_NAME)";
				SDKROOT = iphoneos;
				STRING_CATALOG_GENERATE_SYMBOLS = NO;
				SUPPORTED_PLATFORMS = "iphoneos iphonesimulator";
				SWIFT_APPROACHABLE_CONCURRENCY = YES;
				SWIFT_EMIT_LOC_STRINGS = NO;
				SWIFT_UPCOMING_FEATURE_MEMBER_IMPORT_VISIBILITY = YES;
				SWIFT_VERSION = 5.0;
				TARGETED_DEVICE_FAMILY = "1,2";
				TEST_HOST = "$(BUILT_PRODUCTS_DIR)/laterbox-ios.app/$(BUNDLE_EXECUTABLE_FOLDER_PATH)/laterbox-ios";
				XROS_DEPLOYMENT_TARGET = 27.0;
			};
			name = Debug;
		};
		5194A51E3072E2E100DE79B5 /* Release */ = {
			isa = XCBuildConfiguration;
			buildSettings = {
				BUNDLE_LOADER = "$(TEST_HOST)";
				CODE_SIGN_STYLE = Automatic;
				CURRENT_PROJECT_VERSION = 178;
				DEVELOPMENT_TEAM = LS42X27YFY;
				GENERATE_INFOPLIST_FILE = YES;
				IPHONEOS_DEPLOYMENT_TARGET = 27.0;
				MACOSX_DEPLOYMENT_TARGET = 27.0;
				MARKETING_VERSION = 1.0.176;
				PRODUCT_BUNDLE_IDENTIFIER = "pro.micorp.laterbox.laterbox-iosTests";
				PRODUCT_NAME = "$(TARGET_NAME)";
				SDKROOT = iphoneos;
				STRING_CATALOG_GENERATE_SYMBOLS = NO;
				SUPPORTED_PLATFORMS = "iphoneos iphonesimulator";
				SWIFT_APPROACHABLE_CONCURRENCY = YES;
				SWIFT_EMIT_LOC_STRINGS = NO;
				SWIFT_UPCOMING_FEATURE_MEMBER_IMPORT_VISIBILITY = YES;
				SWIFT_VERSION = 5.0;
				TARGETED_DEVICE_FAMILY = "1,2";
				TEST_HOST = "$(BUILT_PRODUCTS_DIR)/laterbox-ios.app/$(BUNDLE_EXECUTABLE_FOLDER_PATH)/laterbox-ios";
				XROS_DEPLOYMENT_TARGET = 27.0;
			};
			name = Release;
		};
		5194A5203072E2E100DE79B5 /* Debug */ = {
			isa = XCBuildConfiguration;
			buildSettings = {
				CODE_SIGN_STYLE = Automatic;
				CURRENT_PROJECT_VERSION = 178;
				DEVELOPMENT_TEAM = LS42X27YFY;
				GENERATE_INFOPLIST_FILE = YES;
				IPHONEOS_DEPLOYMENT_TARGET = 27.0;
				MACOSX_DEPLOYMENT_TARGET = 27.0;
				MARKETING_VERSION = 1.0.176;
				PRODUCT_BUNDLE_IDENTIFIER = "pro.micorp.laterbox.laterbox-iosUITests";
				PRODUCT_NAME = "$(TARGET_NAME)";
				SDKROOT = iphoneos;
				STRING_CATALOG_GENERATE_SYMBOLS = NO;
				SUPPORTED_PLATFORMS = "iphoneos iphonesimulator";
				SWIFT_APPROACHABLE_CONCURRENCY = YES;
				SWIFT_EMIT_LOC_STRINGS = NO;
				SWIFT_UPCOMING_FEATURE_MEMBER_IMPORT_VISIBILITY = YES;
				SWIFT_VERSION = 5.0;
				TARGETED_DEVICE_FAMILY = "1,2";
				TEST_TARGET_NAME = "laterbox-ios";
				XROS_DEPLOYMENT_TARGET = 27.0;
			};
			name = Debug;
		};
		5194A5213072E2E100DE79B5 /* Release */ = {
			isa = XCBuildConfiguration;
			buildSettings = {
				CODE_SIGN_STYLE = Automatic;
				CURRENT_PROJECT_VERSION = 178;
				DEVELOPMENT_TEAM = LS42X27YFY;
				GENERATE_INFOPLIST_FILE = YES;
				IPHONEOS_DEPLOYMENT_TARGET = 27.0;
				MACOSX_DEPLOYMENT_TARGET = 27.0;
				MARKETING_VERSION = 1.0.176;
				PRODUCT_BUNDLE_IDENTIFIER = "pro.micorp.laterbox.laterbox-iosUITests";
				PRODUCT_NAME = "$(TARGET_NAME)";
				SDKROOT = iphoneos;
				STRING_CATALOG_GENERATE_SYMBOLS = NO;
				SUPPORTED_PLATFORMS = "iphoneos iphonesimulator";
				SWIFT_APPROACHABLE_CONCURRENCY = YES;
				SWIFT_EMIT_LOC_STRINGS = NO;
				SWIFT_UPCOMING_FEATURE_MEMBER_IMPORT_VISIBILITY = YES;
				SWIFT_VERSION = 5.0;
				TARGETED_DEVICE_FAMILY = "1,2,7";
				TEST_TARGET_NAME = "laterbox-ios";
				XROS_DEPLOYMENT_TARGET = 27.0;
			};
			name = Release;
		};
		66C04E05C709127654C7AF14 /* Release */ = {
			isa = XCBuildConfiguration;
			buildSettings = {
				APPLICATION_EXTENSION_API_ONLY = YES;
				CLANG_ENABLE_OBJC_WEAK = NO;
				CODE_SIGN_ENTITLEMENTS = LaterBoxShare.entitlements;
				CURRENT_PROJECT_VERSION = 178;
				DEVELOPMENT_TEAM = LS42X27YFY;
				GENERATE_INFOPLIST_FILE = NO;
				INFOPLIST_FILE = LaterBoxShare/Info.plist;
				IPHONEOS_DEPLOYMENT_TARGET = 27.0;
				MARKETING_VERSION = 1.0.176;
				PRODUCT_BUNDLE_IDENTIFIER = pro.micorp.laterbox.ShareExtension;
				PRODUCT_NAME = "$(TARGET_NAME)";
				SDKROOT = iphoneos;
				SKIP_INSTALL = YES;
				SWIFT_VERSION = 5.0;
				TARGETED_DEVICE_FAMILY = "1,2";
				VALIDATE_PRODUCT = YES;
			};
			name = Release;
		};
		E3CAB64614901325D29759EF /* Debug */ = {
			isa = XCBuildConfiguration;
			buildSettings = {
				APPLICATION_EXTENSION_API_ONLY = YES;
				CLANG_ENABLE_OBJC_WEAK = NO;
				CODE_SIGN_ENTITLEMENTS = LaterBoxShare.entitlements;
				CURRENT_PROJECT_VERSION = 178;
				DEVELOPMENT_TEAM = LS42X27YFY;
				GENERATE_INFOPLIST_FILE = NO;
				INFOPLIST_FILE = LaterBoxShare/Info.plist;
				IPHONEOS_DEPLOYMENT_TARGET = 27.0;
				MARKETING_VERSION = 1.0.176;
				PRODUCT_BUNDLE_IDENTIFIER = pro.micorp.laterbox.ShareExtension;
				PRODUCT_NAME = "$(TARGET_NAME)";
				SDKROOT = iphoneos;
				SKIP_INSTALL = YES;
				SWIFT_VERSION = 5.0;
				TARGETED_DEVICE_FAMILY = "1,2";
			};
			name = Debug;
		};
/* End XCBuildConfiguration section */

/* Begin XCConfigurationList section */
		5194A4F33072E2E100DE79B5 /* Build configuration list for PBXProject "laterbox-ios" */ = {
			isa = XCConfigurationList;
			buildConfigurations = (
				5194A5173072E2E100DE79B5 /* Debug */,
				5194A5183072E2E100DE79B5 /* Release */,
			);
			defaultConfigurationIsVisible = 0;
			defaultConfigurationName = Release;
		};
		5194A5193072E2E100DE79B5 /* Build configuration list for PBXNativeTarget "laterbox-ios" */ = {
			isa = XCConfigurationList;
			buildConfigurations = (
				5194A51A3072E2E100DE79B5 /* Debug */,
				5194A51B3072E2E100DE79B5 /* Release */,
			);
			defaultConfigurationIsVisible = 0;
			defaultConfigurationName = Release;
		};
		5194A51C3072E2E100DE79B5 /* Build configuration list for PBXNativeTarget "laterbox-iosTests" */ = {
			isa = XCConfigurationList;
			buildConfigurations = (
				5194A51D3072E2E100DE79B5 /* Debug */,
				5194A51E3072E2E100DE79B5 /* Release */,
			);
			defaultConfigurationIsVisible = 0;
			defaultConfigurationName = Release;
		};
		5194A51F3072E2E100DE79B5 /* Build configuration list for PBXNativeTarget "laterbox-iosUITests" */ = {
			isa = XCConfigurationList;
			buildConfigurations = (
				5194A5203072E2E100DE79B5 /* Debug */,
				5194A5213072E2E100DE79B5 /* Release */,
			);
			defaultConfigurationIsVisible = 0;
			defaultConfigurationName = Release;
		};
		DBCA85860435523381768280 /* Build configuration list for PBXNativeTarget "LaterBoxShare" */ = {
			isa = XCConfigurationList;
			buildConfigurations = (
				66C04E05C709127654C7AF14 /* Release */,
				E3CAB64614901325D29759EF /* Debug */,
			);
			defaultConfigurationIsVisible = 0;
			defaultConfigurationName = Release;
		};
/* End XCConfigurationList section */
	};
	rootObject = 5194A4F03072E2E100DE79B5 /* Project object */;
}
